
Microsoft Visual Studio Solution File, Format Version 12.00
Project("{FAE04EC0-301F-11D3-BF4B-00C04F79EFBC}") = "UtilidadesMaui", "UtilidadesMaui\UtilidadesMaui.csproj", "{1653C038-43E2-469A-87F6-01528C196637}"
EndProject
Global
	GlobalSection(SolutionConfigurationPlatforms) = preSolution
		Debug|Any CPU = Debug|Any CPU
		Release|Any CPU = Release|Any CPU
	EndGlobalSection
	GlobalSection(ProjectConfigurationPlatforms) = postSolution
		{1653C038-43E2-469A-87F6-01528C196637}.Debug|Any CPU.ActiveCfg = Debug|Any CPU
		{1653C038-43E2-469A-87F6-01528C196637}.Debug|Any CPU.Build.0 = Debug|Any CPU
		{1653C038-43E2-469A-87F6-01528C196637}.Release|Any CPU.ActiveCfg = Release|Any CPU
		{1653C038-43E2-469A-87F6-01528C196637}.Release|Any CPU.Build.0 = Release|Any CPU
	EndGlobalSection
EndGlobal
